
Microsoft Visual Studio Solution File, Format Version 12.00
# Visual Studio 2013
VisualStudioVersion = 12.0.31101.0
MinimumVisualStudioVersion = 10.0.40219.1
Project("{FAE04EC0-301F-11D3-BF4B-00C04F79EFBC}") = "01. Interest Calculator", "01. Interest Calculator\01. Interest Calculator.csproj", "{F444AEEB-C885-4B0E-A745-682B64999A27}"
EndProject
Project("{FAE04EC0-301F-11D3-BF4B-00C04F79EFBC}") = "02. Asynchronous Timer", "02. Asynchronous Timer\02. Asynchronous Timer.csproj", "{1FD9A774-2117-4F9D-ABA2-D885F608FBE2}"
EndProject
Project("{FAE04EC0-301F-11D3-BF4B-00C04F79EFBC}") = "03. StudentClass", "03. StudentClass\03. StudentClass.csproj", "{CC32E3EC-2478-4E5E-888F-298697CF0017}"
EndProject
Global
	GlobalSection(SolutionConfigurationPlatforms) = preSolution
		Debug|Any CPU = Debug|Any CPU
		Release|Any CPU = Release|Any CPU
	EndGlobalSection
	GlobalSection(ProjectConfigurationPlatforms) = postSolution
		{F444AEEB-C885-4B0E-A745-682B64999A27}.Debug|Any CPU.ActiveCfg = Debug|Any CPU
		{F444AEEB-C885-4B0E-A745-682B64999A27}.Debug|Any CPU.Build.0 = Debug|Any CPU
		{F444AEEB-C885-4B0E-A745-682B64999A27}.Release|Any CPU.ActiveCfg = Release|Any CPU
		{F444AEEB-C885-4B0E-A745-682B64999A27}.Release|Any CPU.Build.0 = Release|Any CPU
		{1FD9A774-2117-4F9D-ABA2-D885F608FBE2}.Debug|Any CPU.ActiveCfg = Debug|Any CPU
		{1FD9A774-2117-4F9D-ABA2-D885F608FBE2}.Debug|Any CPU.Build.0 = Debug|Any CPU
		{1FD9A774-2117-4F9D-ABA2-D885F608FBE2}.Release|Any CPU.ActiveCfg = Release|Any CPU
		{1FD9A774-2117-4F9D-ABA2-D885F608FBE2}.Release|Any CPU.Build.0 = Release|Any CPU
		{CC32E3EC-2478-4E5E-888F-298697CF0017}.Debug|Any CPU.ActiveCfg = Debug|Any CPU
		{CC32E3EC-2478-4E5E-888F-298697CF0017}.Debug|Any CPU.Build.0 = Debug|Any CPU
		{CC32E3EC-2478-4E5E-888F-298697CF0017}.Release|Any CPU.ActiveCfg = Release|Any CPU
		{CC32E3EC-2478-4E5E-888F-298697CF0017}.Release|Any CPU.Build.0 = Release|Any CPU
	EndGlobalSection
	GlobalSection(SolutionProperties) = preSolution
		HideSolutionNode = FALSE
	EndGlobalSection
EndGlobal
