
Microsoft Visual Studio Solution File, Format Version 12.00
# Visual Studio 2013
VisualStudioVersion = 12.0.31101.0
MinimumVisualStudioVersion = 10.0.40219.1
Project("{FAE04EC0-301F-11D3-BF4B-00C04F79EFBC}") = "01. Persons", "01. Persons\01. Persons.csproj", "{0F3805E1-BBD7-46BF-9654-9521561DC0DC}"
EndProject
Project("{FAE04EC0-301F-11D3-BF4B-00C04F79EFBC}") = "02. Laptop Shop", "02. Laptop Shop\02. Laptop Shop.csproj", "{C3B4F6E4-1243-49FD-ADAA-90C92905F906}"
EndProject
Project("{FAE04EC0-301F-11D3-BF4B-00C04F79EFBC}") = "03. PC Catalog", "03. PC Catalog\03. PC Catalog.csproj", "{DC406D54-516B-47A8-A720-C1875BAC7A1C}"
EndProject
Global
	GlobalSection(SolutionConfigurationPlatforms) = preSolution
		Debug|Any CPU = Debug|Any CPU
		Release|Any CPU = Release|Any CPU
	EndGlobalSection
	GlobalSection(ProjectConfigurationPlatforms) = postSolution
		{0F3805E1-BBD7-46BF-9654-9521561DC0DC}.Debug|Any CPU.ActiveCfg = Debug|Any CPU
		{0F3805E1-BBD7-46BF-9654-9521561DC0DC}.Debug|Any CPU.Build.0 = Debug|Any CPU
		{0F3805E1-BBD7-46BF-9654-9521561DC0DC}.Release|Any CPU.ActiveCfg = Release|Any CPU
		{0F3805E1-BBD7-46BF-9654-9521561DC0DC}.Release|Any CPU.Build.0 = Release|Any CPU
		{C3B4F6E4-1243-49FD-ADAA-90C92905F906}.Debug|Any CPU.ActiveCfg = Debug|Any CPU
		{C3B4F6E4-1243-49FD-ADAA-90C92905F906}.Debug|Any CPU.Build.0 = Debug|Any CPU
		{C3B4F6E4-1243-49FD-ADAA-90C92905F906}.Release|Any CPU.ActiveCfg = Release|Any CPU
		{C3B4F6E4-1243-49FD-ADAA-90C92905F906}.Release|Any CPU.Build.0 = Release|Any CPU
		{DC406D54-516B-47A8-A720-C1875BAC7A1C}.Debug|Any CPU.ActiveCfg = Debug|Any CPU
		{DC406D54-516B-47A8-A720-C1875BAC7A1C}.Debug|Any CPU.Build.0 = Debug|Any CPU
		{DC406D54-516B-47A8-A720-C1875BAC7A1C}.Release|Any CPU.ActiveCfg = Release|Any CPU
		{DC406D54-516B-47A8-A720-C1875BAC7A1C}.Release|Any CPU.Build.0 = Release|Any CPU
	EndGlobalSection
	GlobalSection(SolutionProperties) = preSolution
		HideSolutionNode = FALSE
	EndGlobalSection
EndGlobal
