
Microsoft Visual Studio Solution File, Format Version 12.00
# Visual Studio 2013
VisualStudioVersion = 12.0.31101.0
MinimumVisualStudioVersion = 10.0.40219.1
Project("{FAE04EC0-301F-11D3-BF4B-00C04F79EFBC}") = "01. Customer", "01. Customer\01. Customer.csproj", "{14B9B9C2-5C19-471C-8582-B683657D4F97}"
EndProject
Project("{FAE04EC0-301F-11D3-BF4B-00C04F79EFBC}") = "02. String Disperser", "02. String Disperser\02. String Disperser.csproj", "{AE37CF19-36AC-4E34-95AF-C92963F560AC}"
EndProject
Global
	GlobalSection(SolutionConfigurationPlatforms) = preSolution
		Debug|Any CPU = Debug|Any CPU
		Release|Any CPU = Release|Any CPU
	EndGlobalSection
	GlobalSection(ProjectConfigurationPlatforms) = postSolution
		{14B9B9C2-5C19-471C-8582-B683657D4F97}.Debug|Any CPU.ActiveCfg = Debug|Any CPU
		{14B9B9C2-5C19-471C-8582-B683657D4F97}.Debug|Any CPU.Build.0 = Debug|Any CPU
		{14B9B9C2-5C19-471C-8582-B683657D4F97}.Release|Any CPU.ActiveCfg = Release|Any CPU
		{14B9B9C2-5C19-471C-8582-B683657D4F97}.Release|Any CPU.Build.0 = Release|Any CPU
		{AE37CF19-36AC-4E34-95AF-C92963F560AC}.Debug|Any CPU.ActiveCfg = Debug|Any CPU
		{AE37CF19-36AC-4E34-95AF-C92963F560AC}.Debug|Any CPU.Build.0 = Debug|Any CPU
		{AE37CF19-36AC-4E34-95AF-C92963F560AC}.Release|Any CPU.ActiveCfg = Release|Any CPU
		{AE37CF19-36AC-4E34-95AF-C92963F560AC}.Release|Any CPU.Build.0 = Release|Any CPU
	EndGlobalSection
	GlobalSection(SolutionProperties) = preSolution
		HideSolutionNode = FALSE
	EndGlobalSection
EndGlobal
